
Microsoft Visual Studio Solution File, Format Version 12.00
# Visual Studio Version 17
VisualStudioVersion = 17.0.31903.59
MinimumVisualStudioVersion = 10.0.40219.1
Project("{FAE04EC0-301F-11D3-BF4B-00C04F79EFBC}") = "Kiosk.Domain", "Kiosk.Domain\Kiosk.Domain.csproj", "{D712EF95-FB76-4ECA-B84F-91E201164EDC}"
EndProject
Project("{FAE04EC0-301F-11D3-BF4B-00C04F79EFBC}") = "Kiosk.Data", "Kiosk.Data\Kiosk.Data.csproj", "{CAE350F1-0BF1-4D44-B299-9F252D9CB931}"
EndProject
Project("{FAE04EC0-301F-11D3-BF4B-00C04F79EFBC}") = "Kiosk.Api", "Kiosk.Api\Kiosk.Api.csproj", "{79D47CCD-F820-43E1-A57D-4C74658210BD}"
EndProject
Project("{FAE04EC0-301F-11D3-BF4B-00C04F79EFBC}") = "Kiosk.Entities", "Kiosk.Entities\Kiosk.Entities.csproj", "{C3CF035B-5999-42AC-9219-BCFFE9875D9A}"
EndProject
Project("{FAE04EC0-301F-11D3-BF4B-00C04F79EFBC}") = "Kiosk.Api.Tests", "Kiosk.Api.Tests\Kiosk.Api.Tests.csproj", "{974C83E1-2E76-4849-A5CF-A08E83131B24}"
EndProject
Project("{FAE04EC0-301F-11D3-BF4B-00C04F79EFBC}") = "Kiosk.Domain.Tests", "Kiosk.Domain.Tests\Kiosk.Domain.Tests.csproj", "{7969ECD7-2405-4525-BB2C-67EFB9A416DC}"
EndProject
Global
	GlobalSection(SolutionConfigurationPlatforms) = preSolution
		Debug|Any CPU = Debug|Any CPU
		Debug|x64 = Debug|x64
		Debug|x86 = Debug|x86
		Release|Any CPU = Release|Any CPU
		Release|x64 = Release|x64
		Release|x86 = Release|x86
	EndGlobalSection
	GlobalSection(ProjectConfigurationPlatforms) = postSolution
		{D712EF95-FB76-4ECA-B84F-91E201164EDC}.Debug|Any CPU.ActiveCfg = Debug|Any CPU
		{D712EF95-FB76-4ECA-B84F-91E201164EDC}.Debug|Any CPU.Build.0 = Debug|Any CPU
		{D712EF95-FB76-4ECA-B84F-91E201164EDC}.Debug|x64.ActiveCfg = Debug|Any CPU
		{D712EF95-FB76-4ECA-B84F-91E201164EDC}.Debug|x64.Build.0 = Debug|Any CPU
		{D712EF95-FB76-4ECA-B84F-91E201164EDC}.Debug|x86.ActiveCfg = Debug|Any CPU
		{D712EF95-FB76-4ECA-B84F-91E201164EDC}.Debug|x86.Build.0 = Debug|Any CPU
		{D712EF95-FB76-4ECA-B84F-91E201164EDC}.Release|Any CPU.ActiveCfg = Release|Any CPU
		{D712EF95-FB76-4ECA-B84F-91E201164EDC}.Release|Any CPU.Build.0 = Release|Any CPU
		{D712EF95-FB76-4ECA-B84F-91E201164EDC}.Release|x64.ActiveCfg = Release|Any CPU
		{D712EF95-FB76-4ECA-B84F-91E201164EDC}.Release|x64.Build.0 = Release|Any CPU
		{D712EF95-FB76-4ECA-B84F-91E201164EDC}.Release|x86.ActiveCfg = Release|Any CPU
		{D712EF95-FB76-4ECA-B84F-91E201164EDC}.Release|x86.Build.0 = Release|Any CPU
		{CAE350F1-0BF1-4D44-B299-9F252D9CB931}.Debug|Any CPU.ActiveCfg = Debug|Any CPU
		{CAE350F1-0BF1-4D44-B299-9F252D9CB931}.Debug|Any CPU.Build.0 = Debug|Any CPU
		{CAE350F1-0BF1-4D44-B299-9F252D9CB931}.Debug|x64.ActiveCfg = Debug|Any CPU
		{CAE350F1-0BF1-4D44-B299-9F252D9CB931}.Debug|x64.Build.0 = Debug|Any CPU
		{CAE350F1-0BF1-4D44-B299-9F252D9CB931}.Debug|x86.ActiveCfg = Debug|Any CPU
		{CAE350F1-0BF1-4D44-B299-9F252D9CB931}.Debug|x86.Build.0 = Debug|Any CPU
		{CAE350F1-0BF1-4D44-B299-9F252D9CB931}.Release|Any CPU.ActiveCfg = Release|Any CPU
		{CAE350F1-0BF1-4D44-B299-9F252D9CB931}.Release|Any CPU.Build.0 = Release|Any CPU
		{CAE350F1-0BF1-4D44-B299-9F252D9CB931}.Release|x64.ActiveCfg = Release|Any CPU
		{CAE350F1-0BF1-4D44-B299-9F252D9CB931}.Release|x64.Build.0 = Release|Any CPU
		{CAE350F1-0BF1-4D44-B299-9F252D9CB931}.Release|x86.ActiveCfg = Release|Any CPU
		{CAE350F1-0BF1-4D44-B299-9F252D9CB931}.Release|x86.Build.0 = Release|Any CPU
		{79D47CCD-F820-43E1-A57D-4C74658210BD}.Debug|Any CPU.ActiveCfg = Debug|Any CPU
		{79D47CCD-F820-43E1-A57D-4C74658210BD}.Debug|Any CPU.Build.0 = Debug|Any CPU
		{79D47CCD-F820-43E1-A57D-4C74658210BD}.Debug|x64.ActiveCfg = Debug|Any CPU
		{79D47CCD-F820-43E1-A57D-4C74658210BD}.Debug|x64.Build.0 = Debug|Any CPU
		{79D47CCD-F820-43E1-A57D-4C74658210BD}.Debug|x86.ActiveCfg = Debug|Any CPU
		{79D47CCD-F820-43E1-A57D-4C74658210BD}.Debug|x86.Build.0 = Debug|Any CPU
		{79D47CCD-F820-43E1-A57D-4C74658210BD}.Release|Any CPU.ActiveCfg = Release|Any CPU
		{79D47CCD-F820-43E1-A57D-4C74658210BD}.Release|Any CPU.Build.0 = Release|Any CPU
		{79D47CCD-F820-43E1-A57D-4C74658210BD}.Release|x64.ActiveCfg = Release|Any CPU
		{79D47CCD-F820-43E1-A57D-4C74658210BD}.Release|x64.Build.0 = Release|Any CPU
		{79D47CCD-F820-43E1-A57D-4C74658210BD}.Release|x86.ActiveCfg = Release|Any CPU
		{79D47CCD-F820-43E1-A57D-4C74658210BD}.Release|x86.Build.0 = Release|Any CPU
		{C3CF035B-5999-42AC-9219-BCFFE9875D9A}.Debug|Any CPU.ActiveCfg = Debug|Any CPU
		{C3CF035B-5999-42AC-9219-BCFFE9875D9A}.Debug|Any CPU.Build.0 = Debug|Any CPU
		{C3CF035B-5999-42AC-9219-BCFFE9875D9A}.Debug|x64.ActiveCfg = Debug|Any CPU
		{C3CF035B-5999-42AC-9219-BCFFE9875D9A}.Debug|x64.Build.0 = Debug|Any CPU
		{C3CF035B-5999-42AC-9219-BCFFE9875D9A}.Debug|x86.ActiveCfg = Debug|Any CPU
		{C3CF035B-5999-42AC-9219-BCFFE9875D9A}.Debug|x86.Build.0 = Debug|Any CPU
		{C3CF035B-5999-42AC-9219-BCFFE9875D9A}.Release|Any CPU.ActiveCfg = Release|Any CPU
		{C3CF035B-5999-42AC-9219-BCFFE9875D9A}.Release|Any CPU.Build.0 = Release|Any CPU
		{C3CF035B-5999-42AC-9219-BCFFE9875D9A}.Release|x64.ActiveCfg = Release|Any CPU
		{C3CF035B-5999-42AC-9219-BCFFE9875D9A}.Release|x64.Build.0 = Release|Any CPU
		{C3CF035B-5999-42AC-9219-BCFFE9875D9A}.Release|x86.ActiveCfg = Release|Any CPU
		{C3CF035B-5999-42AC-9219-BCFFE9875D9A}.Release|x86.Build.0 = Release|Any CPU
		{974C83E1-2E76-4849-A5CF-A08E83131B24}.Debug|Any CPU.ActiveCfg = Debug|Any CPU
		{974C83E1-2E76-4849-A5CF-A08E83131B24}.Debug|Any CPU.Build.0 = Debug|Any CPU
		{974C83E1-2E76-4849-A5CF-A08E83131B24}.Debug|x64.ActiveCfg = Debug|Any CPU
		{974C83E1-2E76-4849-A5CF-A08E83131B24}.Debug|x64.Build.0 = Debug|Any CPU
		{974C83E1-2E76-4849-A5CF-A08E83131B24}.Debug|x86.ActiveCfg = Debug|Any CPU
		{974C83E1-2E76-4849-A5CF-A08E83131B24}.Debug|x86.Build.0 = Debug|Any CPU
		{974C83E1-2E76-4849-A5CF-A08E83131B24}.Release|Any CPU.ActiveCfg = Release|Any CPU
		{974C83E1-2E76-4849-A5CF-A08E83131B24}.Release|Any CPU.Build.0 = Release|Any CPU
		{974C83E1-2E76-4849-A5CF-A08E83131B24}.Release|x64.ActiveCfg = Release|Any CPU
		{974C83E1-2E76-4849-A5CF-A08E83131B24}.Release|x64.Build.0 = Release|Any CPU
		{974C83E1-2E76-4849-A5CF-A08E83131B24}.Release|x86.ActiveCfg = Release|Any CPU
		{974C83E1-2E76-4849-A5CF-A08E83131B24}.Release|x86.Build.0 = Release|Any CPU
		{7969ECD7-2405-4525-BB2C-67EFB9A416DC}.Debug|Any CPU.ActiveCfg = Debug|Any CPU
		{7969ECD7-2405-4525-BB2C-67EFB9A416DC}.Debug|Any CPU.Build.0 = Debug|Any CPU
		{7969ECD7-2405-4525-BB2C-67EFB9A416DC}.Debug|x64.ActiveCfg = Debug|Any CPU
		{7969ECD7-2405-4525-BB2C-67EFB9A416DC}.Debug|x64.Build.0 = Debug|Any CPU
		{7969ECD7-2405-4525-BB2C-67EFB9A416DC}.Debug|x86.ActiveCfg = Debug|Any CPU
		{7969ECD7-2405-4525-BB2C-67EFB9A416DC}.Debug|x86.Build.0 = Debug|Any CPU
		{7969ECD7-2405-4525-BB2C-67EFB9A416DC}.Release|Any CPU.ActiveCfg = Release|Any CPU
		{7969ECD7-2405-4525-BB2C-67EFB9A416DC}.Release|Any CPU.Build.0 = Release|Any CPU
		{7969ECD7-2405-4525-BB2C-67EFB9A416DC}.Release|x64.ActiveCfg = Release|Any CPU
		{7969ECD7-2405-4525-BB2C-67EFB9A416DC}.Release|x64.Build.0 = Release|Any CPU
		{7969ECD7-2405-4525-BB2C-67EFB9A416DC}.Release|x86.ActiveCfg = Release|Any CPU
		{7969ECD7-2405-4525-BB2C-67EFB9A416DC}.Release|x86.Build.0 = Release|Any CPU
	EndGlobalSection
	GlobalSection(SolutionProperties) = preSolution
		HideSolutionNode = FALSE
	EndGlobalSection
EndGlobal
